
Microsoft Visual Studio Solution File, Format Version 12.00
# Visual Studio Version 17
VisualStudioVersion = 17.8.34330.188
MinimumVisualStudioVersion = 10.0.40219.1
Project("{9A19103F-16F7-4668-BE54-9A1E7A4F7556}") = "MeteringApi", "MeteringApi\MeteringApi.csproj", "{BD7418AC-060C-4325-A396-FBA8854ECD50}"
EndProject
Project("{FAE04EC0-301F-11D3-BF4B-00C04F79EFBC}") = "MeteringApi.UnitTests", "MeteringApi.UnitTests\MeteringApi.UnitTests.csproj", "{EDD4B8F1-3FE6-475A-9707-15822B06600F}"
EndProject
Global
	GlobalSection(SolutionConfigurationPlatforms) = preSolution
		Debug|Any CPU = Debug|Any CPU
		Release|Any CPU = Release|Any CPU
	EndGlobalSection
	GlobalSection(ProjectConfigurationPlatforms) = postSolution
		{BD7418AC-060C-4325-A396-FBA8854ECD50}.Debug|Any CPU.ActiveCfg = Debug|Any CPU
		{BD7418AC-060C-4325-A396-FBA8854ECD50}.Debug|Any CPU.Build.0 = Debug|Any CPU
		{BD7418AC-060C-4325-A396-FBA8854ECD50}.Release|Any CPU.ActiveCfg = Release|Any CPU
		{BD7418AC-060C-4325-A396-FBA8854ECD50}.Release|Any CPU.Build.0 = Release|Any CPU
		{EDD4B8F1-3FE6-475A-9707-15822B06600F}.Debug|Any CPU.ActiveCfg = Debug|Any CPU
		{EDD4B8F1-3FE6-475A-9707-15822B06600F}.Debug|Any CPU.Build.0 = Debug|Any CPU
		{EDD4B8F1-3FE6-475A-9707-15822B06600F}.Release|Any CPU.ActiveCfg = Release|Any CPU
		{EDD4B8F1-3FE6-475A-9707-15822B06600F}.Release|Any CPU.Build.0 = Release|Any CPU
	EndGlobalSection
	GlobalSection(SolutionProperties) = preSolution
		HideSolutionNode = FALSE
	EndGlobalSection
	GlobalSection(ExtensibilityGlobals) = postSolution
		SolutionGuid = {5EBD3430-7896-47F0-A536-EF87829A38C7}
	EndGlobalSection
EndGlobal
